
Microsoft Visual Studio Solution File, Format Version 12.00
# Visual Studio Version 16
VisualStudioVersion = 16.0.30503.244
MinimumVisualStudioVersion = 10.0.40219.1
Project("{9A19103F-16F7-4668-BE54-9A1E7A4F7556}") = "CRUDAppEFCore", "CRUDAppEFCore\CRUDAppEFCore.csproj", "{58AF5136-803B-44A4-96B4-71946BE9934E}"
EndProject
Project("{9A19103F-16F7-4668-BE54-9A1E7A4F7556}") = "Crud.DataAccessLayer", "Crud.DataAccessLayer\Crud.DataAccessLayer.csproj", "{1AA8A76E-62B7-434E-B035-3DFF4920ABA0}"
EndProject
Project("{FAE04EC0-301F-11D3-BF4B-00C04F79EFBC}") = "Crud.Foundation", "Crud.Foundation\Crud.Foundation.csproj", "{950A2727-D99F-4A60-BCCD-4B7023D7E7D0}"
EndProject
Global
	GlobalSection(SolutionConfigurationPlatforms) = preSolution
		Debug|Any CPU = Debug|Any CPU
		Release|Any CPU = Release|Any CPU
	EndGlobalSection
	GlobalSection(ProjectConfigurationPlatforms) = postSolution
		{58AF5136-803B-44A4-96B4-71946BE9934E}.Debug|Any CPU.ActiveCfg = Debug|Any CPU
		{58AF5136-803B-44A4-96B4-71946BE9934E}.Debug|Any CPU.Build.0 = Debug|Any CPU
		{58AF5136-803B-44A4-96B4-71946BE9934E}.Release|Any CPU.ActiveCfg = Release|Any CPU
		{58AF5136-803B-44A4-96B4-71946BE9934E}.Release|Any CPU.Build.0 = Release|Any CPU
		{1AA8A76E-62B7-434E-B035-3DFF4920ABA0}.Debug|Any CPU.ActiveCfg = Debug|Any CPU
		{1AA8A76E-62B7-434E-B035-3DFF4920ABA0}.Debug|Any CPU.Build.0 = Debug|Any CPU
		{1AA8A76E-62B7-434E-B035-3DFF4920ABA0}.Release|Any CPU.ActiveCfg = Release|Any CPU
		{1AA8A76E-62B7-434E-B035-3DFF4920ABA0}.Release|Any CPU.Build.0 = Release|Any CPU
		{950A2727-D99F-4A60-BCCD-4B7023D7E7D0}.Debug|Any CPU.ActiveCfg = Debug|Any CPU
		{950A2727-D99F-4A60-BCCD-4B7023D7E7D0}.Debug|Any CPU.Build.0 = Debug|Any CPU
		{950A2727-D99F-4A60-BCCD-4B7023D7E7D0}.Release|Any CPU.ActiveCfg = Release|Any CPU
		{950A2727-D99F-4A60-BCCD-4B7023D7E7D0}.Release|Any CPU.Build.0 = Release|Any CPU
	EndGlobalSection
	GlobalSection(SolutionProperties) = preSolution
		HideSolutionNode = FALSE
	EndGlobalSection
	GlobalSection(ExtensibilityGlobals) = postSolution
		SolutionGuid = {9ADA31D9-6DC2-4B09-834B-EB2929EDCBE6}
	EndGlobalSection
EndGlobal
